
Microsoft Visual Studio Solution File, Format Version 12.00
# Visual Studio Version 16
VisualStudioVersion = 16.0.31515.178
MinimumVisualStudioVersion = 10.0.40219.1
Project("{9A19103F-16F7-4668-BE54-9A1E7A4F7556}") = "List", "List\List.csproj", "{5432B924-8074-4E60-A56B-683C7E3D89E9}"
EndProject
Project("{FAE04EC0-301F-11D3-BF4B-00C04F79EFBC}") = "Dictonary", "Dictonary\Dictonary.csproj", "{7EC2EB5E-BDF4-47BD-87CB-D766A629C5E4}"
EndProject
Project("{FAE04EC0-301F-11D3-BF4B-00C04F79EFBC}") = "SortedList", "SortedList\SortedList.csproj", "{40543A32-E380-401F-B263-A4C4B3B38613}"
EndProject
Project("{FAE04EC0-301F-11D3-BF4B-00C04F79EFBC}") = "Stack", "Stack\Stack.csproj", "{349D3CF1-1F17-4B67-B11E-14BBD8ACF3DA}"
EndProject
Project("{FAE04EC0-301F-11D3-BF4B-00C04F79EFBC}") = "Queue", "Queue\Queue.csproj", "{6CA565B0-C033-4E8E-91C1-DC4DF73B29E1}"
EndProject
Global
	GlobalSection(SolutionConfigurationPlatforms) = preSolution
		Debug|Any CPU = Debug|Any CPU
		Release|Any CPU = Release|Any CPU
	EndGlobalSection
	GlobalSection(ProjectConfigurationPlatforms) = postSolution
		{5432B924-8074-4E60-A56B-683C7E3D89E9}.Debug|Any CPU.ActiveCfg = Debug|Any CPU
		{5432B924-8074-4E60-A56B-683C7E3D89E9}.Debug|Any CPU.Build.0 = Debug|Any CPU
		{5432B924-8074-4E60-A56B-683C7E3D89E9}.Release|Any CPU.ActiveCfg = Release|Any CPU
		{5432B924-8074-4E60-A56B-683C7E3D89E9}.Release|Any CPU.Build.0 = Release|Any CPU
		{7EC2EB5E-BDF4-47BD-87CB-D766A629C5E4}.Debug|Any CPU.ActiveCfg = Debug|Any CPU
		{7EC2EB5E-BDF4-47BD-87CB-D766A629C5E4}.Debug|Any CPU.Build.0 = Debug|Any CPU
		{7EC2EB5E-BDF4-47BD-87CB-D766A629C5E4}.Release|Any CPU.ActiveCfg = Release|Any CPU
		{7EC2EB5E-BDF4-47BD-87CB-D766A629C5E4}.Release|Any CPU.Build.0 = Release|Any CPU
		{40543A32-E380-401F-B263-A4C4B3B38613}.Debug|Any CPU.ActiveCfg = Debug|Any CPU
		{40543A32-E380-401F-B263-A4C4B3B38613}.Debug|Any CPU.Build.0 = Debug|Any CPU
		{40543A32-E380-401F-B263-A4C4B3B38613}.Release|Any CPU.ActiveCfg = Release|Any CPU
		{40543A32-E380-401F-B263-A4C4B3B38613}.Release|Any CPU.Build.0 = Release|Any CPU
		{349D3CF1-1F17-4B67-B11E-14BBD8ACF3DA}.Debug|Any CPU.ActiveCfg = Debug|Any CPU
		{349D3CF1-1F17-4B67-B11E-14BBD8ACF3DA}.Debug|Any CPU.Build.0 = Debug|Any CPU
		{349D3CF1-1F17-4B67-B11E-14BBD8ACF3DA}.Release|Any CPU.ActiveCfg = Release|Any CPU
		{349D3CF1-1F17-4B67-B11E-14BBD8ACF3DA}.Release|Any CPU.Build.0 = Release|Any CPU
		{6CA565B0-C033-4E8E-91C1-DC4DF73B29E1}.Debug|Any CPU.ActiveCfg = Debug|Any CPU
		{6CA565B0-C033-4E8E-91C1-DC4DF73B29E1}.Debug|Any CPU.Build.0 = Debug|Any CPU
		{6CA565B0-C033-4E8E-91C1-DC4DF73B29E1}.Release|Any CPU.ActiveCfg = Release|Any CPU
		{6CA565B0-C033-4E8E-91C1-DC4DF73B29E1}.Release|Any CPU.Build.0 = Release|Any CPU
	EndGlobalSection
	GlobalSection(SolutionProperties) = preSolution
		HideSolutionNode = FALSE
	EndGlobalSection
	GlobalSection(ExtensibilityGlobals) = postSolution
		SolutionGuid = {D1777828-D17C-455C-882D-E3E2893DAA6A}
	EndGlobalSection
EndGlobal
