
Microsoft Visual Studio Solution File, Format Version 12.00
# Visual Studio Version 16
VisualStudioVersion = 16.0.31624.102
MinimumVisualStudioVersion = 10.0.40219.1
Project("{FAE04EC0-301F-11D3-BF4B-00C04F79EFBC}") = "GetSetProperties", "GetSetProperties\GetSetProperties.csproj", "{63CDD0FC-5CF0-4719-99FF-8F85CD8DE0C4}"
EndProject
Project("{FAE04EC0-301F-11D3-BF4B-00C04F79EFBC}") = "AbstractPerson", "AbstractPerson\AbstractPerson.csproj", "{F9276992-1632-495F-8F36-F322320DB010}"
EndProject
Global
	GlobalSection(SolutionConfigurationPlatforms) = preSolution
		Debug|Any CPU = Debug|Any CPU
		Release|Any CPU = Release|Any CPU
	EndGlobalSection
	GlobalSection(ProjectConfigurationPlatforms) = postSolution
		{63CDD0FC-5CF0-4719-99FF-8F85CD8DE0C4}.Debug|Any CPU.ActiveCfg = Debug|Any CPU
		{63CDD0FC-5CF0-4719-99FF-8F85CD8DE0C4}.Debug|Any CPU.Build.0 = Debug|Any CPU
		{63CDD0FC-5CF0-4719-99FF-8F85CD8DE0C4}.Release|Any CPU.ActiveCfg = Release|Any CPU
		{63CDD0FC-5CF0-4719-99FF-8F85CD8DE0C4}.Release|Any CPU.Build.0 = Release|Any CPU
		{F9276992-1632-495F-8F36-F322320DB010}.Debug|Any CPU.ActiveCfg = Debug|Any CPU
		{F9276992-1632-495F-8F36-F322320DB010}.Debug|Any CPU.Build.0 = Debug|Any CPU
		{F9276992-1632-495F-8F36-F322320DB010}.Release|Any CPU.ActiveCfg = Release|Any CPU
		{F9276992-1632-495F-8F36-F322320DB010}.Release|Any CPU.Build.0 = Release|Any CPU
	EndGlobalSection
	GlobalSection(SolutionProperties) = preSolution
		HideSolutionNode = FALSE
	EndGlobalSection
	GlobalSection(ExtensibilityGlobals) = postSolution
		SolutionGuid = {008A2C02-C31B-4A83-8F8C-CACF85463142}
	EndGlobalSection
EndGlobal
