
Microsoft Visual Studio Solution File, Format Version 12.00
# Visual Studio Version 16
VisualStudioVersion = 16.0.31624.102
MinimumVisualStudioVersion = 10.0.40219.1
Project("{FAE04EC0-301F-11D3-BF4B-00C04F79EFBC}") = "ClassDemo", "ClassDemo\ClassDemo.csproj", "{09A4822A-9D7A-4812-BD77-B0BE79B2960F}"
EndProject
Project("{FAE04EC0-301F-11D3-BF4B-00C04F79EFBC}") = "abstractClass", "abstractClass\abstractClass.csproj", "{8B0D781C-FCDB-4DDD-8909-B44A529672B0}"
EndProject
Project("{FAE04EC0-301F-11D3-BF4B-00C04F79EFBC}") = "partialClass", "partialClass\partialClass.csproj", "{04BD2119-EC4C-49F2-AF9A-8098CEBA95C2}"
EndProject
Project("{FAE04EC0-301F-11D3-BF4B-00C04F79EFBC}") = "sealedClass", "sealedClass\sealedClass.csproj", "{3E5BA9BE-1592-4360-9EAA-DF34B3C1DBCD}"
EndProject
Project("{FAE04EC0-301F-11D3-BF4B-00C04F79EFBC}") = "StaticClass", "StaticClass\StaticClass.csproj", "{AF0905EE-7C98-45C6-92E7-99F470A3895F}"
EndProject
Global
	GlobalSection(SolutionConfigurationPlatforms) = preSolution
		Debug|Any CPU = Debug|Any CPU
		Release|Any CPU = Release|Any CPU
	EndGlobalSection
	GlobalSection(ProjectConfigurationPlatforms) = postSolution
		{09A4822A-9D7A-4812-BD77-B0BE79B2960F}.Debug|Any CPU.ActiveCfg = Debug|Any CPU
		{09A4822A-9D7A-4812-BD77-B0BE79B2960F}.Debug|Any CPU.Build.0 = Debug|Any CPU
		{09A4822A-9D7A-4812-BD77-B0BE79B2960F}.Release|Any CPU.ActiveCfg = Release|Any CPU
		{09A4822A-9D7A-4812-BD77-B0BE79B2960F}.Release|Any CPU.Build.0 = Release|Any CPU
		{8B0D781C-FCDB-4DDD-8909-B44A529672B0}.Debug|Any CPU.ActiveCfg = Debug|Any CPU
		{8B0D781C-FCDB-4DDD-8909-B44A529672B0}.Debug|Any CPU.Build.0 = Debug|Any CPU
		{8B0D781C-FCDB-4DDD-8909-B44A529672B0}.Release|Any CPU.ActiveCfg = Release|Any CPU
		{8B0D781C-FCDB-4DDD-8909-B44A529672B0}.Release|Any CPU.Build.0 = Release|Any CPU
		{04BD2119-EC4C-49F2-AF9A-8098CEBA95C2}.Debug|Any CPU.ActiveCfg = Debug|Any CPU
		{04BD2119-EC4C-49F2-AF9A-8098CEBA95C2}.Debug|Any CPU.Build.0 = Debug|Any CPU
		{04BD2119-EC4C-49F2-AF9A-8098CEBA95C2}.Release|Any CPU.ActiveCfg = Release|Any CPU
		{04BD2119-EC4C-49F2-AF9A-8098CEBA95C2}.Release|Any CPU.Build.0 = Release|Any CPU
		{3E5BA9BE-1592-4360-9EAA-DF34B3C1DBCD}.Debug|Any CPU.ActiveCfg = Debug|Any CPU
		{3E5BA9BE-1592-4360-9EAA-DF34B3C1DBCD}.Debug|Any CPU.Build.0 = Debug|Any CPU
		{3E5BA9BE-1592-4360-9EAA-DF34B3C1DBCD}.Release|Any CPU.ActiveCfg = Release|Any CPU
		{3E5BA9BE-1592-4360-9EAA-DF34B3C1DBCD}.Release|Any CPU.Build.0 = Release|Any CPU
		{AF0905EE-7C98-45C6-92E7-99F470A3895F}.Debug|Any CPU.ActiveCfg = Debug|Any CPU
		{AF0905EE-7C98-45C6-92E7-99F470A3895F}.Debug|Any CPU.Build.0 = Debug|Any CPU
		{AF0905EE-7C98-45C6-92E7-99F470A3895F}.Release|Any CPU.ActiveCfg = Release|Any CPU
		{AF0905EE-7C98-45C6-92E7-99F470A3895F}.Release|Any CPU.Build.0 = Release|Any CPU
	EndGlobalSection
	GlobalSection(SolutionProperties) = preSolution
		HideSolutionNode = FALSE
	EndGlobalSection
	GlobalSection(ExtensibilityGlobals) = postSolution
		SolutionGuid = {6447FAAC-DCB1-4A84-AE9D-300D629831CD}
	EndGlobalSection
EndGlobal
