
Microsoft Visual Studio Solution File, Format Version 12.00
# Visual Studio Version 16
VisualStudioVersion = 16.0.31515.178
MinimumVisualStudioVersion = 10.0.40219.1
Project("{FAE04EC0-301F-11D3-BF4B-00C04F79EFBC}") = "FileDemo", "FileDemo\FileDemo.csproj", "{E7CA4A31-E518-47C9-B6A9-B9112147E725}"
EndProject
Global
	GlobalSection(SolutionConfigurationPlatforms) = preSolution
		Debug|Any CPU = Debug|Any CPU
		Release|Any CPU = Release|Any CPU
	EndGlobalSection
	GlobalSection(ProjectConfigurationPlatforms) = postSolution
		{E7CA4A31-E518-47C9-B6A9-B9112147E725}.Debug|Any CPU.ActiveCfg = Debug|Any CPU
		{E7CA4A31-E518-47C9-B6A9-B9112147E725}.Debug|Any CPU.Build.0 = Debug|Any CPU
		{E7CA4A31-E518-47C9-B6A9-B9112147E725}.Release|Any CPU.ActiveCfg = Release|Any CPU
		{E7CA4A31-E518-47C9-B6A9-B9112147E725}.Release|Any CPU.Build.0 = Release|Any CPU
	EndGlobalSection
	GlobalSection(SolutionProperties) = preSolution
		HideSolutionNode = FALSE
	EndGlobalSection
	GlobalSection(ExtensibilityGlobals) = postSolution
		SolutionGuid = {2537DDA5-66B7-4C71-A3AF-71204D136F28}
	EndGlobalSection
EndGlobal
