
Microsoft Visual Studio Solution File, Format Version 12.00
# Visual Studio Version 16
VisualStudioVersion = 16.0.31515.178
MinimumVisualStudioVersion = 10.0.40219.1
Project("{FAE04EC0-301F-11D3-BF4B-00C04F79EFBC}") = "MVCDemo", "MVCDemo\MVCDemo.csproj", "{AFDDF57E-B69D-42C8-B836-2E6EEE833359}"
EndProject
Global
	GlobalSection(SolutionConfigurationPlatforms) = preSolution
		Debug|Any CPU = Debug|Any CPU
		Release|Any CPU = Release|Any CPU
	EndGlobalSection
	GlobalSection(ProjectConfigurationPlatforms) = postSolution
		{AFDDF57E-B69D-42C8-B836-2E6EEE833359}.Debug|Any CPU.ActiveCfg = Debug|Any CPU
		{AFDDF57E-B69D-42C8-B836-2E6EEE833359}.Debug|Any CPU.Build.0 = Debug|Any CPU
		{AFDDF57E-B69D-42C8-B836-2E6EEE833359}.Release|Any CPU.ActiveCfg = Release|Any CPU
		{AFDDF57E-B69D-42C8-B836-2E6EEE833359}.Release|Any CPU.Build.0 = Release|Any CPU
	EndGlobalSection
	GlobalSection(SolutionProperties) = preSolution
		HideSolutionNode = FALSE
	EndGlobalSection
	GlobalSection(ExtensibilityGlobals) = postSolution
		SolutionGuid = {0F39FEC4-5E17-4B83-936D-6B68D8C166A7}
	EndGlobalSection
EndGlobal
