
Microsoft Visual Studio Solution File, Format Version 12.00
# Visual Studio Version 16
VisualStudioVersion = 16.0.31515.178
MinimumVisualStudioVersion = 10.0.40219.1
Project("{9A19103F-16F7-4668-BE54-9A1E7A4F7556}") = "SingleInheritance", "SingleInheritance\SingleInheritance.csproj", "{558977EE-955C-43B7-B8DE-02128C3B64AF}"
EndProject
Project("{9A19103F-16F7-4668-BE54-9A1E7A4F7556}") = "HierarchicalInheritance", "HierarchicalInheritance\HierarchicalInheritance.csproj", "{9A30407A-47FB-48B7-B219-491CE4EA51D7}"
EndProject
Project("{9A19103F-16F7-4668-BE54-9A1E7A4F7556}") = "MultilevelInheritance", "MultilevelInheritance\MultilevelInheritance.csproj", "{B4BC7EEA-3E65-4EF8-815C-E478C2041E2D}"
EndProject
Project("{FAE04EC0-301F-11D3-BF4B-00C04F79EFBC}") = "MultipleInheritance", "MultipleInheritance\MultipleInheritance.csproj", "{5B183808-E6D3-4C81-98A4-D1C27046C44D}"
EndProject
Global
	GlobalSection(SolutionConfigurationPlatforms) = preSolution
		Debug|Any CPU = Debug|Any CPU
		Release|Any CPU = Release|Any CPU
	EndGlobalSection
	GlobalSection(ProjectConfigurationPlatforms) = postSolution
		{558977EE-955C-43B7-B8DE-02128C3B64AF}.Debug|Any CPU.ActiveCfg = Debug|Any CPU
		{558977EE-955C-43B7-B8DE-02128C3B64AF}.Debug|Any CPU.Build.0 = Debug|Any CPU
		{558977EE-955C-43B7-B8DE-02128C3B64AF}.Release|Any CPU.ActiveCfg = Release|Any CPU
		{558977EE-955C-43B7-B8DE-02128C3B64AF}.Release|Any CPU.Build.0 = Release|Any CPU
		{9A30407A-47FB-48B7-B219-491CE4EA51D7}.Debug|Any CPU.ActiveCfg = Debug|Any CPU
		{9A30407A-47FB-48B7-B219-491CE4EA51D7}.Debug|Any CPU.Build.0 = Debug|Any CPU
		{9A30407A-47FB-48B7-B219-491CE4EA51D7}.Release|Any CPU.ActiveCfg = Release|Any CPU
		{9A30407A-47FB-48B7-B219-491CE4EA51D7}.Release|Any CPU.Build.0 = Release|Any CPU
		{B4BC7EEA-3E65-4EF8-815C-E478C2041E2D}.Debug|Any CPU.ActiveCfg = Debug|Any CPU
		{B4BC7EEA-3E65-4EF8-815C-E478C2041E2D}.Debug|Any CPU.Build.0 = Debug|Any CPU
		{B4BC7EEA-3E65-4EF8-815C-E478C2041E2D}.Release|Any CPU.ActiveCfg = Release|Any CPU
		{B4BC7EEA-3E65-4EF8-815C-E478C2041E2D}.Release|Any CPU.Build.0 = Release|Any CPU
		{5B183808-E6D3-4C81-98A4-D1C27046C44D}.Debug|Any CPU.ActiveCfg = Debug|Any CPU
		{5B183808-E6D3-4C81-98A4-D1C27046C44D}.Debug|Any CPU.Build.0 = Debug|Any CPU
		{5B183808-E6D3-4C81-98A4-D1C27046C44D}.Release|Any CPU.ActiveCfg = Release|Any CPU
		{5B183808-E6D3-4C81-98A4-D1C27046C44D}.Release|Any CPU.Build.0 = Release|Any CPU
	EndGlobalSection
	GlobalSection(SolutionProperties) = preSolution
		HideSolutionNode = FALSE
	EndGlobalSection
	GlobalSection(ExtensibilityGlobals) = postSolution
		SolutionGuid = {0831EDB4-FEB5-4695-81C1-62FB7C2C695A}
	EndGlobalSection
EndGlobal
