
Microsoft Visual Studio Solution File, Format Version 12.00
# Visual Studio Version 16
VisualStudioVersion = 16.0.31515.178
MinimumVisualStudioVersion = 10.0.40219.1
Project("{FAE04EC0-301F-11D3-BF4B-00C04F79EFBC}") = "Increment_Decrement_Operators", "Increment_Decrement_Operators\Increment_Decrement_Operators.csproj", "{33627346-F6D2-4AD8-A53B-6330EFDF5248}"
EndProject
Global
	GlobalSection(SolutionConfigurationPlatforms) = preSolution
		Debug|Any CPU = Debug|Any CPU
		Release|Any CPU = Release|Any CPU
	EndGlobalSection
	GlobalSection(ProjectConfigurationPlatforms) = postSolution
		{33627346-F6D2-4AD8-A53B-6330EFDF5248}.Debug|Any CPU.ActiveCfg = Debug|Any CPU
		{33627346-F6D2-4AD8-A53B-6330EFDF5248}.Debug|Any CPU.Build.0 = Debug|Any CPU
		{33627346-F6D2-4AD8-A53B-6330EFDF5248}.Release|Any CPU.ActiveCfg = Release|Any CPU
		{33627346-F6D2-4AD8-A53B-6330EFDF5248}.Release|Any CPU.Build.0 = Release|Any CPU
	EndGlobalSection
	GlobalSection(SolutionProperties) = preSolution
		HideSolutionNode = FALSE
	EndGlobalSection
	GlobalSection(ExtensibilityGlobals) = postSolution
		SolutionGuid = {95324E4B-3057-4FB1-A1E6-8037AEA50FBE}
	EndGlobalSection
EndGlobal
